
Microsoft Visual Studio Solution File, Format Version 12.00
# Visual Studio Version 16
VisualStudioVersion = 16.0.30804.86
MinimumVisualStudioVersion = 10.0.40219.1
Project("{9A19103F-16F7-4668-BE54-9A1E7A4F7556}") = "Netherite", "Netherite\Netherite.csproj", "{4E1F1639-7EAF-40F9-AAC5-1959B21A62C8}"
EndProject
Project("{9A19103F-16F7-4668-BE54-9A1E7A4F7556}") = "Netherite.Bootstrap", "Netherite.Bootstrap\Netherite.Bootstrap.csproj", "{B51B0E97-BDDC-4C43-8A61-91D34EABDF20}"
EndProject
Project("{9A19103F-16F7-4668-BE54-9A1E7A4F7556}") = "Netherite.Nbt", "Netherite.Nbt\Netherite.Nbt.csproj", "{D673DE60-68A4-4090-834F-CB454AA7CB85}"
EndProject
Project("{9A19103F-16F7-4668-BE54-9A1E7A4F7556}") = "Netherite.Nbt.Test", "Netherite.Nbt.Test\Netherite.Nbt.Test.csproj", "{E7E9D21F-4F09-4A40-97C3-5960496BFE89}"
EndProject
Project("{9A19103F-16F7-4668-BE54-9A1E7A4F7556}") = "Netherite.Protocols.v754", "Netherite.Protocols.v754\Netherite.Protocols.v754.csproj", "{B0EF59B8-5866-4B75-844E-021A1B5E1BEE}"
EndProject
Project("{9A19103F-16F7-4668-BE54-9A1E7A4F7556}") = "Netherite.Protocols.v47", "Netherite.Protocols.v47\Netherite.Protocols.v47.csproj", "{B24CBE8A-20C2-4D31-8E02-35E042866F8E}"
EndProject
Project("{9A19103F-16F7-4668-BE54-9A1E7A4F7556}") = "Netherite.Generator", "Netherite.Generator\Netherite.Generator.csproj", "{AD1AB915-C294-4C9D-A6D2-6A1332E23C20}"
EndProject
Project("{FAE04EC0-301F-11D3-BF4B-00C04F79EFBC}") = "BouncyCastle", "crypto\BouncyCastle.csproj", "{4C235092-820C-4DEB-9074-D356FB797D8B}"
EndProject
Project("{2150E333-8FDC-42A3-9474-1A3956D46DE8}") = "Solution Items", "Solution Items", "{4A4ADC0B-8B5C-4E65-9EF7-5048D6327B28}"
	ProjectSection(SolutionItems) = preProject
		.editorconfig = .editorconfig
		.gitignore = .gitignore
		Readme.md = Readme.md
	EndProjectSection
EndProject
Project("{9A19103F-16F7-4668-BE54-9A1E7A4F7556}") = "Netherite.Protocols.Snapshot.v9", "Netherite.Protocols.Snapshot.v9\Netherite.Protocols.Snapshot.v9.csproj", "{65AFB601-3832-41AF-9BCE-4A15C53AE6B2}"
EndProject
Project("{FAE04EC0-301F-11D3-BF4B-00C04F79EFBC}") = "Netherite.Test", "Netherite.Test\Netherite.Test.csproj", "{CDBFE87E-8FF8-4B2E-A33E-DBA3987B95A7}"
EndProject
Global
	GlobalSection(SolutionConfigurationPlatforms) = preSolution
		Debug Packet|Any CPU = Debug Packet|Any CPU
		Debug|Any CPU = Debug|Any CPU
		DebugPacket|Any CPU = DebugPacket|Any CPU
		Release|Any CPU = Release|Any CPU
	EndGlobalSection
	GlobalSection(ProjectConfigurationPlatforms) = postSolution
		{4E1F1639-7EAF-40F9-AAC5-1959B21A62C8}.Debug Packet|Any CPU.ActiveCfg = Debug Packet|Any CPU
		{4E1F1639-7EAF-40F9-AAC5-1959B21A62C8}.Debug Packet|Any CPU.Build.0 = Debug Packet|Any CPU
		{4E1F1639-7EAF-40F9-AAC5-1959B21A62C8}.Debug|Any CPU.ActiveCfg = Debug|Any CPU
		{4E1F1639-7EAF-40F9-AAC5-1959B21A62C8}.Debug|Any CPU.Build.0 = Debug|Any CPU
		{4E1F1639-7EAF-40F9-AAC5-1959B21A62C8}.DebugPacket|Any CPU.ActiveCfg = Debug Packet|Any CPU
		{4E1F1639-7EAF-40F9-AAC5-1959B21A62C8}.DebugPacket|Any CPU.Build.0 = Debug Packet|Any CPU
		{4E1F1639-7EAF-40F9-AAC5-1959B21A62C8}.Release|Any CPU.ActiveCfg = Release|Any CPU
		{4E1F1639-7EAF-40F9-AAC5-1959B21A62C8}.Release|Any CPU.Build.0 = Release|Any CPU
		{B51B0E97-BDDC-4C43-8A61-91D34EABDF20}.Debug Packet|Any CPU.ActiveCfg = Debug Packet|Any CPU
		{B51B0E97-BDDC-4C43-8A61-91D34EABDF20}.Debug Packet|Any CPU.Build.0 = Debug Packet|Any CPU
		{B51B0E97-BDDC-4C43-8A61-91D34EABDF20}.Debug|Any CPU.ActiveCfg = Debug|Any CPU
		{B51B0E97-BDDC-4C43-8A61-91D34EABDF20}.Debug|Any CPU.Build.0 = Debug|Any CPU
		{B51B0E97-BDDC-4C43-8A61-91D34EABDF20}.DebugPacket|Any CPU.ActiveCfg = Debug Packet|Any CPU
		{B51B0E97-BDDC-4C43-8A61-91D34EABDF20}.DebugPacket|Any CPU.Build.0 = Debug Packet|Any CPU
		{B51B0E97-BDDC-4C43-8A61-91D34EABDF20}.Release|Any CPU.ActiveCfg = Release|Any CPU
		{B51B0E97-BDDC-4C43-8A61-91D34EABDF20}.Release|Any CPU.Build.0 = Release|Any CPU
		{D673DE60-68A4-4090-834F-CB454AA7CB85}.Debug Packet|Any CPU.ActiveCfg = Debug Packet|Any CPU
		{D673DE60-68A4-4090-834F-CB454AA7CB85}.Debug Packet|Any CPU.Build.0 = Debug Packet|Any CPU
		{D673DE60-68A4-4090-834F-CB454AA7CB85}.Debug|Any CPU.ActiveCfg = Debug|Any CPU
		{D673DE60-68A4-4090-834F-CB454AA7CB85}.Debug|Any CPU.Build.0 = Debug|Any CPU
		{D673DE60-68A4-4090-834F-CB454AA7CB85}.DebugPacket|Any CPU.ActiveCfg = Debug Packet|Any CPU
		{D673DE60-68A4-4090-834F-CB454AA7CB85}.DebugPacket|Any CPU.Build.0 = Debug Packet|Any CPU
		{D673DE60-68A4-4090-834F-CB454AA7CB85}.Release|Any CPU.ActiveCfg = Release|Any CPU
		{D673DE60-68A4-4090-834F-CB454AA7CB85}.Release|Any CPU.Build.0 = Release|Any CPU
		{E7E9D21F-4F09-4A40-97C3-5960496BFE89}.Debug Packet|Any CPU.ActiveCfg = Debug Packet|Any CPU
		{E7E9D21F-4F09-4A40-97C3-5960496BFE89}.Debug Packet|Any CPU.Build.0 = Debug Packet|Any CPU
		{E7E9D21F-4F09-4A40-97C3-5960496BFE89}.Debug|Any CPU.ActiveCfg = Debug|Any CPU
		{E7E9D21F-4F09-4A40-97C3-5960496BFE89}.Debug|Any CPU.Build.0 = Debug|Any CPU
		{E7E9D21F-4F09-4A40-97C3-5960496BFE89}.DebugPacket|Any CPU.ActiveCfg = Debug Packet|Any CPU
		{E7E9D21F-4F09-4A40-97C3-5960496BFE89}.DebugPacket|Any CPU.Build.0 = Debug Packet|Any CPU
		{E7E9D21F-4F09-4A40-97C3-5960496BFE89}.Release|Any CPU.ActiveCfg = Release|Any CPU
		{E7E9D21F-4F09-4A40-97C3-5960496BFE89}.Release|Any CPU.Build.0 = Release|Any CPU
		{B0EF59B8-5866-4B75-844E-021A1B5E1BEE}.Debug Packet|Any CPU.ActiveCfg = Debug Packet|Any CPU
		{B0EF59B8-5866-4B75-844E-021A1B5E1BEE}.Debug Packet|Any CPU.Build.0 = Debug Packet|Any CPU
		{B0EF59B8-5866-4B75-844E-021A1B5E1BEE}.Debug|Any CPU.ActiveCfg = Debug|Any CPU
		{B0EF59B8-5866-4B75-844E-021A1B5E1BEE}.Debug|Any CPU.Build.0 = Debug|Any CPU
		{B0EF59B8-5866-4B75-844E-021A1B5E1BEE}.DebugPacket|Any CPU.ActiveCfg = Debug Packet|Any CPU
		{B0EF59B8-5866-4B75-844E-021A1B5E1BEE}.DebugPacket|Any CPU.Build.0 = Debug Packet|Any CPU
		{B0EF59B8-5866-4B75-844E-021A1B5E1BEE}.Release|Any CPU.ActiveCfg = Release|Any CPU
		{B0EF59B8-5866-4B75-844E-021A1B5E1BEE}.Release|Any CPU.Build.0 = Release|Any CPU
		{B24CBE8A-20C2-4D31-8E02-35E042866F8E}.Debug Packet|Any CPU.ActiveCfg = Debug Packet|Any CPU
		{B24CBE8A-20C2-4D31-8E02-35E042866F8E}.Debug Packet|Any CPU.Build.0 = Debug Packet|Any CPU
		{B24CBE8A-20C2-4D31-8E02-35E042866F8E}.Debug|Any CPU.ActiveCfg = Debug|Any CPU
		{B24CBE8A-20C2-4D31-8E02-35E042866F8E}.Debug|Any CPU.Build.0 = Debug|Any CPU
		{B24CBE8A-20C2-4D31-8E02-35E042866F8E}.DebugPacket|Any CPU.ActiveCfg = Debug Packet|Any CPU
		{B24CBE8A-20C2-4D31-8E02-35E042866F8E}.DebugPacket|Any CPU.Build.0 = Debug Packet|Any CPU
		{B24CBE8A-20C2-4D31-8E02-35E042866F8E}.Release|Any CPU.ActiveCfg = Release|Any CPU
		{B24CBE8A-20C2-4D31-8E02-35E042866F8E}.Release|Any CPU.Build.0 = Release|Any CPU
		{AD1AB915-C294-4C9D-A6D2-6A1332E23C20}.Debug Packet|Any CPU.ActiveCfg = Debug Packet|Any CPU
		{AD1AB915-C294-4C9D-A6D2-6A1332E23C20}.Debug Packet|Any CPU.Build.0 = Debug Packet|Any CPU
		{AD1AB915-C294-4C9D-A6D2-6A1332E23C20}.Debug|Any CPU.ActiveCfg = Debug|Any CPU
		{AD1AB915-C294-4C9D-A6D2-6A1332E23C20}.Debug|Any CPU.Build.0 = Debug|Any CPU
		{AD1AB915-C294-4C9D-A6D2-6A1332E23C20}.DebugPacket|Any CPU.ActiveCfg = Debug Packet|Any CPU
		{AD1AB915-C294-4C9D-A6D2-6A1332E23C20}.DebugPacket|Any CPU.Build.0 = Debug Packet|Any CPU
		{AD1AB915-C294-4C9D-A6D2-6A1332E23C20}.Release|Any CPU.ActiveCfg = Release|Any CPU
		{AD1AB915-C294-4C9D-A6D2-6A1332E23C20}.Release|Any CPU.Build.0 = Release|Any CPU
		{4C235092-820C-4DEB-9074-D356FB797D8B}.Debug Packet|Any CPU.ActiveCfg = Debug|Any CPU
		{4C235092-820C-4DEB-9074-D356FB797D8B}.Debug Packet|Any CPU.Build.0 = Debug|Any CPU
		{4C235092-820C-4DEB-9074-D356FB797D8B}.Debug|Any CPU.ActiveCfg = Debug|Any CPU
		{4C235092-820C-4DEB-9074-D356FB797D8B}.Debug|Any CPU.Build.0 = Debug|Any CPU
		{4C235092-820C-4DEB-9074-D356FB797D8B}.DebugPacket|Any CPU.ActiveCfg = Debug|Any CPU
		{4C235092-820C-4DEB-9074-D356FB797D8B}.DebugPacket|Any CPU.Build.0 = Debug|Any CPU
		{4C235092-820C-4DEB-9074-D356FB797D8B}.Release|Any CPU.ActiveCfg = Release|Any CPU
		{4C235092-820C-4DEB-9074-D356FB797D8B}.Release|Any CPU.Build.0 = Release|Any CPU
		{65AFB601-3832-41AF-9BCE-4A15C53AE6B2}.Debug Packet|Any CPU.ActiveCfg = Debug|Any CPU
		{65AFB601-3832-41AF-9BCE-4A15C53AE6B2}.Debug Packet|Any CPU.Build.0 = Debug|Any CPU
		{65AFB601-3832-41AF-9BCE-4A15C53AE6B2}.Debug|Any CPU.ActiveCfg = Debug|Any CPU
		{65AFB601-3832-41AF-9BCE-4A15C53AE6B2}.Debug|Any CPU.Build.0 = Debug|Any CPU
		{65AFB601-3832-41AF-9BCE-4A15C53AE6B2}.DebugPacket|Any CPU.ActiveCfg = Debug|Any CPU
		{65AFB601-3832-41AF-9BCE-4A15C53AE6B2}.DebugPacket|Any CPU.Build.0 = Debug|Any CPU
		{65AFB601-3832-41AF-9BCE-4A15C53AE6B2}.Release|Any CPU.ActiveCfg = Release|Any CPU
		{65AFB601-3832-41AF-9BCE-4A15C53AE6B2}.Release|Any CPU.Build.0 = Release|Any CPU
		{CDBFE87E-8FF8-4B2E-A33E-DBA3987B95A7}.Debug Packet|Any CPU.ActiveCfg = Debug|Any CPU
		{CDBFE87E-8FF8-4B2E-A33E-DBA3987B95A7}.Debug Packet|Any CPU.Build.0 = Debug|Any CPU
		{CDBFE87E-8FF8-4B2E-A33E-DBA3987B95A7}.Debug|Any CPU.ActiveCfg = Debug|Any CPU
		{CDBFE87E-8FF8-4B2E-A33E-DBA3987B95A7}.Debug|Any CPU.Build.0 = Debug|Any CPU
		{CDBFE87E-8FF8-4B2E-A33E-DBA3987B95A7}.DebugPacket|Any CPU.ActiveCfg = Debug|Any CPU
		{CDBFE87E-8FF8-4B2E-A33E-DBA3987B95A7}.DebugPacket|Any CPU.Build.0 = Debug|Any CPU
		{CDBFE87E-8FF8-4B2E-A33E-DBA3987B95A7}.Release|Any CPU.ActiveCfg = Release|Any CPU
		{CDBFE87E-8FF8-4B2E-A33E-DBA3987B95A7}.Release|Any CPU.Build.0 = Release|Any CPU
	EndGlobalSection
	GlobalSection(SolutionProperties) = preSolution
		HideSolutionNode = FALSE
	EndGlobalSection
	GlobalSection(ExtensibilityGlobals) = postSolution
		SolutionGuid = {831DB8F3-9FB0-4E10-9CDE-A81F3F84752D}
	EndGlobalSection
EndGlobal
